
Microsoft Visual Studio Solution File, Format Version 12.00
# Visual Studio Version 17
VisualStudioVersion = 17.9.34526.213
MinimumVisualStudioVersion = 10.0.40219.1
Project("{FAE04EC0-301F-11D3-BF4B-00C04F79EFBC}") = "SaaS", "SaaS\SaaS.csproj", "{614A061E-B4A7-4774-AD0D-282A61EE39CC}"
EndProject
Project("{FAE04EC0-301F-11D3-BF4B-00C04F79EFBC}") = "Data", "Data\Data.csproj", "{94F3A603-90CC-463E-A12C-7CC88D374130}"
EndProject
Project("{FAE04EC0-301F-11D3-BF4B-00C04F79EFBC}") = "Test", "Test\Test.csproj", "{6B9FB1D7-D8E2-4D01-B3B0-38A90F7D6507}"
EndProject
Global
	GlobalSection(SolutionConfigurationPlatforms) = preSolution
		Debug|Any CPU = Debug|Any CPU
		Release|Any CPU = Release|Any CPU
	EndGlobalSection
	GlobalSection(ProjectConfigurationPlatforms) = postSolution
		{614A061E-B4A7-4774-AD0D-282A61EE39CC}.Debug|Any CPU.ActiveCfg = Debug|Any CPU
		{614A061E-B4A7-4774-AD0D-282A61EE39CC}.Debug|Any CPU.Build.0 = Debug|Any CPU
		{614A061E-B4A7-4774-AD0D-282A61EE39CC}.Release|Any CPU.ActiveCfg = Release|Any CPU
		{614A061E-B4A7-4774-AD0D-282A61EE39CC}.Release|Any CPU.Build.0 = Release|Any CPU
		{94F3A603-90CC-463E-A12C-7CC88D374130}.Debug|Any CPU.ActiveCfg = Debug|Any CPU
		{94F3A603-90CC-463E-A12C-7CC88D374130}.Debug|Any CPU.Build.0 = Debug|Any CPU
		{94F3A603-90CC-463E-A12C-7CC88D374130}.Release|Any CPU.ActiveCfg = Release|Any CPU
		{94F3A603-90CC-463E-A12C-7CC88D374130}.Release|Any CPU.Build.0 = Release|Any CPU
		{6B9FB1D7-D8E2-4D01-B3B0-38A90F7D6507}.Debug|Any CPU.ActiveCfg = Debug|Any CPU
		{6B9FB1D7-D8E2-4D01-B3B0-38A90F7D6507}.Debug|Any CPU.Build.0 = Debug|Any CPU
		{6B9FB1D7-D8E2-4D01-B3B0-38A90F7D6507}.Release|Any CPU.ActiveCfg = Release|Any CPU
		{6B9FB1D7-D8E2-4D01-B3B0-38A90F7D6507}.Release|Any CPU.Build.0 = Release|Any CPU
	EndGlobalSection
	GlobalSection(SolutionProperties) = preSolution
		HideSolutionNode = FALSE
	EndGlobalSection
	GlobalSection(ExtensibilityGlobals) = postSolution
		SolutionGuid = {E2402262-0332-4DB0-8A2B-9E00DB48FEC2}
	EndGlobalSection
EndGlobal
